
Microsoft Visual Studio Solution File, Format Version 12.00
# Visual Studio Version 17
VisualStudioVersion = 17.0.31710.8
MinimumVisualStudioVersion = 10.0.40219.1
Project("{9A19103F-16F7-4668-BE54-9A1E7A4F7556}") = "SmartParser.MVVM", "ParserApp\SmartParser.MVVM.csproj", "{D95E3306-9F5C-487F-B914-E5A3D96C9702}"
EndProject
Project("{888888A0-9F3D-457C-B088-3A5042F75D52}") = "SmartParser.Scripts", "ParserLib\SmartParser.Scripts.pyproj", "{1ED8D253-3DB0-4D72-92F4-A69ADA73B6A7}"
EndProject
Project("{9A19103F-16F7-4668-BE54-9A1E7A4F7556}") = "SmartParser.Domain", "ModelsLibrary\SmartParser.Domain.csproj", "{116CD2A3-2E46-4B56-9863-7004DEF8E6D1}"
EndProject
Project("{FAE04EC0-301F-11D3-BF4B-00C04F79EFBC}") = "SmartParser.Database", "SmartParser.Database\SmartParser.Database.csproj", "{7F083C97-523E-44F6-BFFC-9A3B1431BCCF}"
EndProject
Global
	GlobalSection(SolutionConfigurationPlatforms) = preSolution
		Debug|Any CPU = Debug|Any CPU
		Release|Any CPU = Release|Any CPU
	EndGlobalSection
	GlobalSection(ProjectConfigurationPlatforms) = postSolution
		{D95E3306-9F5C-487F-B914-E5A3D96C9702}.Debug|Any CPU.ActiveCfg = Debug|Any CPU
		{D95E3306-9F5C-487F-B914-E5A3D96C9702}.Debug|Any CPU.Build.0 = Debug|Any CPU
		{D95E3306-9F5C-487F-B914-E5A3D96C9702}.Release|Any CPU.ActiveCfg = Release|Any CPU
		{D95E3306-9F5C-487F-B914-E5A3D96C9702}.Release|Any CPU.Build.0 = Release|Any CPU
		{1ED8D253-3DB0-4D72-92F4-A69ADA73B6A7}.Debug|Any CPU.ActiveCfg = Debug|Any CPU
		{1ED8D253-3DB0-4D72-92F4-A69ADA73B6A7}.Release|Any CPU.ActiveCfg = Release|Any CPU
		{116CD2A3-2E46-4B56-9863-7004DEF8E6D1}.Debug|Any CPU.ActiveCfg = Debug|Any CPU
		{116CD2A3-2E46-4B56-9863-7004DEF8E6D1}.Debug|Any CPU.Build.0 = Debug|Any CPU
		{116CD2A3-2E46-4B56-9863-7004DEF8E6D1}.Release|Any CPU.ActiveCfg = Release|Any CPU
		{116CD2A3-2E46-4B56-9863-7004DEF8E6D1}.Release|Any CPU.Build.0 = Release|Any CPU
		{7F083C97-523E-44F6-BFFC-9A3B1431BCCF}.Debug|Any CPU.ActiveCfg = Debug|Any CPU
		{7F083C97-523E-44F6-BFFC-9A3B1431BCCF}.Debug|Any CPU.Build.0 = Debug|Any CPU
		{7F083C97-523E-44F6-BFFC-9A3B1431BCCF}.Release|Any CPU.ActiveCfg = Release|Any CPU
		{7F083C97-523E-44F6-BFFC-9A3B1431BCCF}.Release|Any CPU.Build.0 = Release|Any CPU
	EndGlobalSection
	GlobalSection(SolutionProperties) = preSolution
		HideSolutionNode = FALSE
	EndGlobalSection
	GlobalSection(ExtensibilityGlobals) = postSolution
		SolutionGuid = {75DDEA81-59C8-42BF-A591-0E3511A2DEA0}
	EndGlobalSection
EndGlobal
